
Microsoft Visual Studio Solution File, Format Version 12.00
# Visual Studio Version 17
VisualStudioVersion = 17.13.35825.156
MinimumVisualStudioVersion = 10.0.40219.1
Project("{FAE04EC0-301F-11D3-BF4B-00C04F79EFBC}") = "ClienteWSFactElect", "ConsumirWSFactElect\ClienteWSFactElect.csproj", "{0B4D9560-5E58-44FE-AFC7-5FD97AC4D2D9}"
EndProject
Project("{FAE04EC0-301F-11D3-BF4B-00C04F79EFBC}") = "FacturaElectronicaProd", "FacturaElectronicaProd\FacturaElectronicaProd.csproj", "{B79CA852-D2B7-4344-A69F-AA791ACD17D9}"
EndProject
Global
	GlobalSection(SolutionConfigurationPlatforms) = preSolution
		Debug|Any CPU = Debug|Any CPU
		Release|Any CPU = Release|Any CPU
	EndGlobalSection
	GlobalSection(ProjectConfigurationPlatforms) = postSolution
		{0B4D9560-5E58-44FE-AFC7-5FD97AC4D2D9}.Debug|Any CPU.ActiveCfg = Debug|Any CPU
		{0B4D9560-5E58-44FE-AFC7-5FD97AC4D2D9}.Debug|Any CPU.Build.0 = Debug|Any CPU
		{0B4D9560-5E58-44FE-AFC7-5FD97AC4D2D9}.Release|Any CPU.ActiveCfg = Release|Any CPU
		{0B4D9560-5E58-44FE-AFC7-5FD97AC4D2D9}.Release|Any CPU.Build.0 = Release|Any CPU
		{B79CA852-D2B7-4344-A69F-AA791ACD17D9}.Debug|Any CPU.ActiveCfg = Debug|Any CPU
		{B79CA852-D2B7-4344-A69F-AA791ACD17D9}.Debug|Any CPU.Build.0 = Debug|Any CPU
		{B79CA852-D2B7-4344-A69F-AA791ACD17D9}.Release|Any CPU.ActiveCfg = Release|Any CPU
		{B79CA852-D2B7-4344-A69F-AA791ACD17D9}.Release|Any CPU.Build.0 = Release|Any CPU
	EndGlobalSection
	GlobalSection(SolutionProperties) = preSolution
		HideSolutionNode = FALSE
	EndGlobalSection
	GlobalSection(ExtensibilityGlobals) = postSolution
		SolutionGuid = {CB31B497-4355-4A1B-84D7-226DF43A904E}
	EndGlobalSection
EndGlobal
